
Microsoft Visual Studio Solution File, Format Version 12.00
# Visual Studio Version 17
VisualStudioVersion = 17.7.34009.444
MinimumVisualStudioVersion = 10.0.40219.1
Project("{FAE04EC0-301F-11D3-BF4B-00C04F79EFBC}") = "PersonnelAccounting", "PersonnelAccounting.csproj", "{8E546420-765E-4F5E-AAC8-E57350DD4A88}"
EndProject
Global
	GlobalSection(SolutionConfigurationPlatforms) = preSolution
		Debug|Any CPU = Debug|Any CPU
		Release|Any CPU = Release|Any CPU
	EndGlobalSection
	GlobalSection(ProjectConfigurationPlatforms) = postSolution
		{8E546420-765E-4F5E-AAC8-E57350DD4A88}.Debug|Any CPU.ActiveCfg = Debug|Any CPU
		{8E546420-765E-4F5E-AAC8-E57350DD4A88}.Debug|Any CPU.Build.0 = Debug|Any CPU
		{8E546420-765E-4F5E-AAC8-E57350DD4A88}.Release|Any CPU.ActiveCfg = Release|Any CPU
		{8E546420-765E-4F5E-AAC8-E57350DD4A88}.Release|Any CPU.Build.0 = Release|Any CPU
	EndGlobalSection
	GlobalSection(SolutionProperties) = preSolution
		HideSolutionNode = FALSE
	EndGlobalSection
	GlobalSection(ExtensibilityGlobals) = postSolution
		SolutionGuid = {E64410AF-FEAB-455E-9D99-752ED4316355}
	EndGlobalSection
EndGlobal
