
Microsoft Visual Studio Solution File, Format Version 12.00
# Visual Studio Version 17
VisualStudioVersion = 17.7.34009.444
MinimumVisualStudioVersion = 10.0.40219.1
Project("{FAE04EC0-301F-11D3-BF4B-00C04F79EFBC}") = "ParenthesisExpression", "ParenthesisExpression.csproj", "{5E6380ED-089D-4689-A8D2-DD67BF8E6986}"
EndProject
Global
	GlobalSection(SolutionConfigurationPlatforms) = preSolution
		Debug|Any CPU = Debug|Any CPU
		Release|Any CPU = Release|Any CPU
	EndGlobalSection
	GlobalSection(ProjectConfigurationPlatforms) = postSolution
		{5E6380ED-089D-4689-A8D2-DD67BF8E6986}.Debug|Any CPU.ActiveCfg = Debug|Any CPU
		{5E6380ED-089D-4689-A8D2-DD67BF8E6986}.Debug|Any CPU.Build.0 = Debug|Any CPU
		{5E6380ED-089D-4689-A8D2-DD67BF8E6986}.Release|Any CPU.ActiveCfg = Release|Any CPU
		{5E6380ED-089D-4689-A8D2-DD67BF8E6986}.Release|Any CPU.Build.0 = Release|Any CPU
	EndGlobalSection
	GlobalSection(SolutionProperties) = preSolution
		HideSolutionNode = FALSE
	EndGlobalSection
	GlobalSection(ExtensibilityGlobals) = postSolution
		SolutionGuid = {E5CF7BDA-31B6-4FE0-A8C0-4D897E5CF7D3}
	EndGlobalSection
EndGlobal
