
Microsoft Visual Studio Solution File, Format Version 12.00
# Visual Studio Version 17
VisualStudioVersion = 17.7.34221.43
MinimumVisualStudioVersion = 10.0.40219.1
Project("{FAE04EC0-301F-11D3-BF4B-00C04F79EFBC}") = "TopServerPlayers", "TopServerPlayers.csproj", "{9652E029-E582-47D7-8E42-B94CFE9BEA50}"
EndProject
Global
	GlobalSection(SolutionConfigurationPlatforms) = preSolution
		Debug|Any CPU = Debug|Any CPU
		Release|Any CPU = Release|Any CPU
	EndGlobalSection
	GlobalSection(ProjectConfigurationPlatforms) = postSolution
		{9652E029-E582-47D7-8E42-B94CFE9BEA50}.Debug|Any CPU.ActiveCfg = Debug|Any CPU
		{9652E029-E582-47D7-8E42-B94CFE9BEA50}.Debug|Any CPU.Build.0 = Debug|Any CPU
		{9652E029-E582-47D7-8E42-B94CFE9BEA50}.Release|Any CPU.ActiveCfg = Release|Any CPU
		{9652E029-E582-47D7-8E42-B94CFE9BEA50}.Release|Any CPU.Build.0 = Release|Any CPU
	EndGlobalSection
	GlobalSection(SolutionProperties) = preSolution
		HideSolutionNode = FALSE
	EndGlobalSection
	GlobalSection(ExtensibilityGlobals) = postSolution
		SolutionGuid = {2C3EB168-4D62-4FE9-99E5-93EBFB93F7F4}
	EndGlobalSection
EndGlobal
