
Microsoft Visual Studio Solution File, Format Version 12.00
# Visual Studio Version 17
VisualStudioVersion = 17.7.34221.43
MinimumVisualStudioVersion = 10.0.40219.1
Project("{FAE04EC0-301F-11D3-BF4B-00C04F79EFBC}") = "CarService", "CarService.csproj", "{5F948AFE-0C21-4F22-B419-7A915E015E30}"
EndProject
Global
	GlobalSection(SolutionConfigurationPlatforms) = preSolution
		Debug|Any CPU = Debug|Any CPU
		Release|Any CPU = Release|Any CPU
	EndGlobalSection
	GlobalSection(ProjectConfigurationPlatforms) = postSolution
		{5F948AFE-0C21-4F22-B419-7A915E015E30}.Debug|Any CPU.ActiveCfg = Debug|Any CPU
		{5F948AFE-0C21-4F22-B419-7A915E015E30}.Debug|Any CPU.Build.0 = Debug|Any CPU
		{5F948AFE-0C21-4F22-B419-7A915E015E30}.Release|Any CPU.ActiveCfg = Release|Any CPU
		{5F948AFE-0C21-4F22-B419-7A915E015E30}.Release|Any CPU.Build.0 = Release|Any CPU
	EndGlobalSection
	GlobalSection(SolutionProperties) = preSolution
		HideSolutionNode = FALSE
	EndGlobalSection
	GlobalSection(ExtensibilityGlobals) = postSolution
		SolutionGuid = {BA7308A6-38E1-4319-92A0-F57B4CB7F3BF}
	EndGlobalSection
EndGlobal
