
Microsoft Visual Studio Solution File, Format Version 12.00
# Visual Studio Version 17
VisualStudioVersion = 17.7.34009.444
MinimumVisualStudioVersion = 10.0.40219.1
Project("{FAE04EC0-301F-11D3-BF4B-00C04F79EFBC}") = "BoolStorage", "BoolStorage.csproj", "{D2418179-E324-4132-A635-24C027D35A77}"
EndProject
Global
	GlobalSection(SolutionConfigurationPlatforms) = preSolution
		Debug|Any CPU = Debug|Any CPU
		Release|Any CPU = Release|Any CPU
	EndGlobalSection
	GlobalSection(ProjectConfigurationPlatforms) = postSolution
		{D2418179-E324-4132-A635-24C027D35A77}.Debug|Any CPU.ActiveCfg = Debug|Any CPU
		{D2418179-E324-4132-A635-24C027D35A77}.Debug|Any CPU.Build.0 = Debug|Any CPU
		{D2418179-E324-4132-A635-24C027D35A77}.Release|Any CPU.ActiveCfg = Release|Any CPU
		{D2418179-E324-4132-A635-24C027D35A77}.Release|Any CPU.Build.0 = Release|Any CPU
	EndGlobalSection
	GlobalSection(SolutionProperties) = preSolution
		HideSolutionNode = FALSE
	EndGlobalSection
	GlobalSection(ExtensibilityGlobals) = postSolution
		SolutionGuid = {4F369458-E05F-40CA-AC50-78B8627D44E1}
	EndGlobalSection
EndGlobal
