
Microsoft Visual Studio Solution File, Format Version 12.00
# Visual Studio Version 17
VisualStudioVersion = 17.6.33712.159
MinimumVisualStudioVersion = 10.0.40219.1
Project("{FAE04EC0-301F-11D3-BF4B-00C04F79EFBC}") = "TenVariables", "TenVariables\TenVariables.csproj", "{234944BE-3741-49FD-ABC6-6B16E336273A}"
EndProject
Global
	GlobalSection(SolutionConfigurationPlatforms) = preSolution
		Debug|Any CPU = Debug|Any CPU
		Release|Any CPU = Release|Any CPU
	EndGlobalSection
	GlobalSection(ProjectConfigurationPlatforms) = postSolution
		{234944BE-3741-49FD-ABC6-6B16E336273A}.Debug|Any CPU.ActiveCfg = Debug|Any CPU
		{234944BE-3741-49FD-ABC6-6B16E336273A}.Debug|Any CPU.Build.0 = Debug|Any CPU
		{234944BE-3741-49FD-ABC6-6B16E336273A}.Release|Any CPU.ActiveCfg = Release|Any CPU
		{234944BE-3741-49FD-ABC6-6B16E336273A}.Release|Any CPU.Build.0 = Release|Any CPU
	EndGlobalSection
	GlobalSection(SolutionProperties) = preSolution
		HideSolutionNode = FALSE
	EndGlobalSection
	GlobalSection(ExtensibilityGlobals) = postSolution
		SolutionGuid = {29FC68BC-CF78-4D6E-9419-4FB78E3A4FAC}
	EndGlobalSection
EndGlobal
