
Microsoft Visual Studio Solution File, Format Version 12.00
# Visual Studio Version 17
VisualStudioVersion = 17.7.34221.43
MinimumVisualStudioVersion = 10.0.40219.1
Project("{FAE04EC0-301F-11D3-BF4B-00C04F79EFBC}") = "Shoop", "Shoop.csproj", "{DB6A3096-DDB0-4DB3-96D4-99AD8BD7F532}"
EndProject
Global
	GlobalSection(SolutionConfigurationPlatforms) = preSolution
		Debug|Any CPU = Debug|Any CPU
		Release|Any CPU = Release|Any CPU
	EndGlobalSection
	GlobalSection(ProjectConfigurationPlatforms) = postSolution
		{DB6A3096-DDB0-4DB3-96D4-99AD8BD7F532}.Debug|Any CPU.ActiveCfg = Debug|Any CPU
		{DB6A3096-DDB0-4DB3-96D4-99AD8BD7F532}.Debug|Any CPU.Build.0 = Debug|Any CPU
		{DB6A3096-DDB0-4DB3-96D4-99AD8BD7F532}.Release|Any CPU.ActiveCfg = Release|Any CPU
		{DB6A3096-DDB0-4DB3-96D4-99AD8BD7F532}.Release|Any CPU.Build.0 = Release|Any CPU
	EndGlobalSection
	GlobalSection(SolutionProperties) = preSolution
		HideSolutionNode = FALSE
	EndGlobalSection
	GlobalSection(ExtensibilityGlobals) = postSolution
		SolutionGuid = {A4C4198B-4758-42A8-A5C1-342DDF34D168}
	EndGlobalSection
EndGlobal
